
Microsoft Visual Studio Solution File, Format Version 12.00
# Visual Studio Version 16
VisualStudioVersion = 16.0.29728.190
MinimumVisualStudioVersion = 10.0.40219.1
Project("{FAE04EC0-301F-11D3-BF4B-00C04F79EFBC}") = "LivePractice.Android", "LivePractice\LivePractice.Android\LivePractice.Android.csproj", "{50B9FF61-3C3D-4546-8F7E-4A0CE1D3DA4B}"
EndProject
Project("{FAE04EC0-301F-11D3-BF4B-00C04F79EFBC}") = "LivePractice.iOS", "LivePractice\LivePractice.iOS\LivePractice.iOS.csproj", "{6F96CB39-7522-4C27-910E-37057FC3A5D9}"
EndProject
Project("{FAE04EC0-301F-11D3-BF4B-00C04F79EFBC}") = "LivePractice", "LivePractice\LivePractice\LivePractice.csproj", "{56F84687-BDA3-4757-917A-B2EBB17A811A}"
EndProject
Global
	GlobalSection(SolutionConfigurationPlatforms) = preSolution
		Debug|Any CPU = Debug|Any CPU
		Debug|iPhone = Debug|iPhone
		Debug|iPhoneSimulator = Debug|iPhoneSimulator
		Release|Any CPU = Release|Any CPU
		Release|iPhone = Release|iPhone
		Release|iPhoneSimulator = Release|iPhoneSimulator
	EndGlobalSection
	GlobalSection(ProjectConfigurationPlatforms) = postSolution
		{50B9FF61-3C3D-4546-8F7E-4A0CE1D3DA4B}.Debug|Any CPU.ActiveCfg = Debug|Any CPU
		{50B9FF61-3C3D-4546-8F7E-4A0CE1D3DA4B}.Debug|Any CPU.Build.0 = Debug|Any CPU
		{50B9FF61-3C3D-4546-8F7E-4A0CE1D3DA4B}.Debug|Any CPU.Deploy.0 = Debug|Any CPU
		{50B9FF61-3C3D-4546-8F7E-4A0CE1D3DA4B}.Debug|iPhone.ActiveCfg = Debug|Any CPU
		{50B9FF61-3C3D-4546-8F7E-4A0CE1D3DA4B}.Debug|iPhone.Build.0 = Debug|Any CPU
		{50B9FF61-3C3D-4546-8F7E-4A0CE1D3DA4B}.Debug|iPhone.Deploy.0 = Debug|Any CPU
		{50B9FF61-3C3D-4546-8F7E-4A0CE1D3DA4B}.Debug|iPhoneSimulator.ActiveCfg = Debug|Any CPU
		{50B9FF61-3C3D-4546-8F7E-4A0CE1D3DA4B}.Debug|iPhoneSimulator.Build.0 = Debug|Any CPU
		{50B9FF61-3C3D-4546-8F7E-4A0CE1D3DA4B}.Debug|iPhoneSimulator.Deploy.0 = Debug|Any CPU
		{50B9FF61-3C3D-4546-8F7E-4A0CE1D3DA4B}.Release|Any CPU.ActiveCfg = Release|Any CPU
		{50B9FF61-3C3D-4546-8F7E-4A0CE1D3DA4B}.Release|Any CPU.Build.0 = Release|Any CPU
		{50B9FF61-3C3D-4546-8F7E-4A0CE1D3DA4B}.Release|Any CPU.Deploy.0 = Release|Any CPU
		{50B9FF61-3C3D-4546-8F7E-4A0CE1D3DA4B}.Release|iPhone.ActiveCfg = Release|Any CPU
		{50B9FF61-3C3D-4546-8F7E-4A0CE1D3DA4B}.Release|iPhone.Build.0 = Release|Any CPU
		{50B9FF61-3C3D-4546-8F7E-4A0CE1D3DA4B}.Release|iPhone.Deploy.0 = Release|Any CPU
		{50B9FF61-3C3D-4546-8F7E-4A0CE1D3DA4B}.Release|iPhoneSimulator.ActiveCfg = Release|Any CPU
		{50B9FF61-3C3D-4546-8F7E-4A0CE1D3DA4B}.Release|iPhoneSimulator.Build.0 = Release|Any CPU
		{50B9FF61-3C3D-4546-8F7E-4A0CE1D3DA4B}.Release|iPhoneSimulator.Deploy.0 = Release|Any CPU
		{6F96CB39-7522-4C27-910E-37057FC3A5D9}.Debug|Any CPU.ActiveCfg = Debug|iPhoneSimulator
		{6F96CB39-7522-4C27-910E-37057FC3A5D9}.Debug|Any CPU.Build.0 = Debug|iPhoneSimulator
		{6F96CB39-7522-4C27-910E-37057FC3A5D9}.Debug|Any CPU.Deploy.0 = Debug|iPhoneSimulator
		{6F96CB39-7522-4C27-910E-37057FC3A5D9}.Debug|iPhone.ActiveCfg = Debug|iPhone
		{6F96CB39-7522-4C27-910E-37057FC3A5D9}.Debug|iPhone.Build.0 = Debug|iPhone
		{6F96CB39-7522-4C27-910E-37057FC3A5D9}.Debug|iPhone.Deploy.0 = Debug|iPhone
		{6F96CB39-7522-4C27-910E-37057FC3A5D9}.Debug|iPhoneSimulator.ActiveCfg = Debug|iPhoneSimulator
		{6F96CB39-7522-4C27-910E-37057FC3A5D9}.Debug|iPhoneSimulator.Build.0 = Debug|iPhoneSimulator
		{6F96CB39-7522-4C27-910E-37057FC3A5D9}.Debug|iPhoneSimulator.Deploy.0 = Debug|iPhoneSimulator
		{6F96CB39-7522-4C27-910E-37057FC3A5D9}.Release|Any CPU.ActiveCfg = Release|iPhone
		{6F96CB39-7522-4C27-910E-37057FC3A5D9}.Release|Any CPU.Build.0 = Release|iPhone
		{6F96CB39-7522-4C27-910E-37057FC3A5D9}.Release|Any CPU.Deploy.0 = Release|iPhone
		{6F96CB39-7522-4C27-910E-37057FC3A5D9}.Release|iPhone.ActiveCfg = Release|iPhone
		{6F96CB39-7522-4C27-910E-37057FC3A5D9}.Release|iPhone.Build.0 = Release|iPhone
		{6F96CB39-7522-4C27-910E-37057FC3A5D9}.Release|iPhone.Deploy.0 = Release|iPhone
		{6F96CB39-7522-4C27-910E-37057FC3A5D9}.Release|iPhoneSimulator.ActiveCfg = Release|iPhoneSimulator
		{6F96CB39-7522-4C27-910E-37057FC3A5D9}.Release|iPhoneSimulator.Build.0 = Release|iPhoneSimulator
		{6F96CB39-7522-4C27-910E-37057FC3A5D9}.Release|iPhoneSimulator.Deploy.0 = Release|iPhoneSimulator
		{56F84687-BDA3-4757-917A-B2EBB17A811A}.Debug|Any CPU.ActiveCfg = Debug|Any CPU
		{56F84687-BDA3-4757-917A-B2EBB17A811A}.Debug|Any CPU.Build.0 = Debug|Any CPU
		{56F84687-BDA3-4757-917A-B2EBB17A811A}.Debug|Any CPU.Deploy.0 = Debug|Any CPU
		{56F84687-BDA3-4757-917A-B2EBB17A811A}.Debug|iPhone.ActiveCfg = Debug|Any CPU
		{56F84687-BDA3-4757-917A-B2EBB17A811A}.Debug|iPhone.Build.0 = Debug|Any CPU
		{56F84687-BDA3-4757-917A-B2EBB17A811A}.Debug|iPhone.Deploy.0 = Debug|Any CPU
		{56F84687-BDA3-4757-917A-B2EBB17A811A}.Debug|iPhoneSimulator.ActiveCfg = Debug|Any CPU
		{56F84687-BDA3-4757-917A-B2EBB17A811A}.Debug|iPhoneSimulator.Build.0 = Debug|Any CPU
		{56F84687-BDA3-4757-917A-B2EBB17A811A}.Debug|iPhoneSimulator.Deploy.0 = Debug|Any CPU
		{56F84687-BDA3-4757-917A-B2EBB17A811A}.Release|Any CPU.ActiveCfg = Release|Any CPU
		{56F84687-BDA3-4757-917A-B2EBB17A811A}.Release|Any CPU.Build.0 = Release|Any CPU
		{56F84687-BDA3-4757-917A-B2EBB17A811A}.Release|Any CPU.Deploy.0 = Release|Any CPU
		{56F84687-BDA3-4757-917A-B2EBB17A811A}.Release|iPhone.ActiveCfg = Release|Any CPU
		{56F84687-BDA3-4757-917A-B2EBB17A811A}.Release|iPhone.Build.0 = Release|Any CPU
		{56F84687-BDA3-4757-917A-B2EBB17A811A}.Release|iPhone.Deploy.0 = Release|Any CPU
		{56F84687-BDA3-4757-917A-B2EBB17A811A}.Release|iPhoneSimulator.ActiveCfg = Release|Any CPU
		{56F84687-BDA3-4757-917A-B2EBB17A811A}.Release|iPhoneSimulator.Build.0 = Release|Any CPU
		{56F84687-BDA3-4757-917A-B2EBB17A811A}.Release|iPhoneSimulator.Deploy.0 = Release|Any CPU
	EndGlobalSection
	GlobalSection(SolutionProperties) = preSolution
		HideSolutionNode = FALSE
	EndGlobalSection
	GlobalSection(ExtensibilityGlobals) = postSolution
		SolutionGuid = {AECDB99E-35B5-463C-894F-405E27063496}
	EndGlobalSection
EndGlobal
